
Microsoft Visual Studio Solution File, Format Version 12.00
# Visual Studio 15
VisualStudioVersion = 15.0.28307.421
MinimumVisualStudioVersion = 10.0.40219.1
Project("{A07B5EB6-E848-4116-A8D0-A826331D98C6}") = "Social", "Social\Social.sfproj", "{1903210D-A22A-415B-92C5-08149F9C690F}"
EndProject
Project("{9A19103F-16F7-4668-BE54-9A1E7A4F7556}") = "Notifications.Worker.Service", "src\Notifications.Worker.Service\Notifications.Worker.Service.csproj", "{D49A96EF-1706-45FD-B81D-C9B3E4E19B71}"
EndProject
Project("{FAE04EC0-301F-11D3-BF4B-00C04F79EFBC}") = "Notifications.Api.Service", "src\Notifications.Api.Service\Notifications.Api.Service.csproj", "{9BF66529-478E-48BD-B79F-1681A9047225}"
EndProject
Project("{2150E333-8FDC-42A3-9474-1A3956D46DE8}") = "Notifications", "Notifications", "{88567C82-01DA-4A61-BDD9-350571BF700F}"
EndProject
Project("{2150E333-8FDC-42A3-9474-1A3956D46DE8}") = "Domain", "Domain", "{0619A80B-5559-456F-9237-0306215D2D58}"
EndProject
Project("{2150E333-8FDC-42A3-9474-1A3956D46DE8}") = "Tests", "Tests", "{FE0753A4-69E9-4D19-9837-9C495BB757F3}"
EndProject
Project("{2150E333-8FDC-42A3-9474-1A3956D46DE8}") = "Contracts", "Contracts", "{2C9286F8-801A-4385-ABA1-C6518FAAD473}"
EndProject
Project("{FAE04EC0-301F-11D3-BF4B-00C04F79EFBC}") = "Notifications.Domain", "src\Notifications.Domain\Notifications.Domain.csproj", "{30DE0857-7086-45F9-9106-68702DE21E91}"
EndProject
Project("{FAE04EC0-301F-11D3-BF4B-00C04F79EFBC}") = "Notifications.Infrastructure", "src\Notifications.Infrastructure\Notifications.Infrastructure.csproj", "{D9344BBC-2768-45CB-9293-62BE5D6B8EEE}"
EndProject
Project("{FAE04EC0-301F-11D3-BF4B-00C04F79EFBC}") = "Notifications.Messages.External", "Notifications.Messages.External\Notifications.Messages.External.csproj", "{E47790C7-2049-4500-A6A2-C2934574E5C6}"
EndProject
Project("{FAE04EC0-301F-11D3-BF4B-00C04F79EFBC}") = "Notifications.Api.Client", "src\Notifications.Api.Client\Notifications.Api.Client.csproj", "{64D4980E-7B5C-43A3-9A9A-AE25CA29C7D6}"
EndProject
Project("{2150E333-8FDC-42A3-9474-1A3956D46DE8}") = "Friends", "Friends", "{7E7C17BA-BB3B-40BC-9B1A-DC752A16C610}"
EndProject
Project("{FAE04EC0-301F-11D3-BF4B-00C04F79EFBC}") = "Friends.Api.Service", "src\Friends.Api.Service\Friends.Api.Service.csproj", "{BB9EC256-9CBF-4B1D-BF51-0F110200AE31}"
EndProject
Project("{FAE04EC0-301F-11D3-BF4B-00C04F79EFBC}") = "Friends.Worker.Service", "src\Friends.Worker.Service\Friends.Worker.Service.csproj", "{67E40972-38A9-42DF-901D-D5A40355B329}"
EndProject
Project("{2150E333-8FDC-42A3-9474-1A3956D46DE8}") = "Domain", "Domain", "{E50CAF5D-CFFB-41E8-8D4C-B7C0562FD19E}"
EndProject
Project("{2150E333-8FDC-42A3-9474-1A3956D46DE8}") = "Contracts", "Contracts", "{787A8F11-DB83-4B25-95A0-6E6E5755931F}"
EndProject
Project("{2150E333-8FDC-42A3-9474-1A3956D46DE8}") = "Tests", "Tests", "{B4C7F9CD-1830-446E-8B9C-8A57050D7A78}"
EndProject
Project("{FAE04EC0-301F-11D3-BF4B-00C04F79EFBC}") = "Friends.Domain", "src\Friends.Domain\Friends.Domain.csproj", "{42BDB4E0-CF15-47C3-B20F-665DA0162357}"
EndProject
Project("{FAE04EC0-301F-11D3-BF4B-00C04F79EFBC}") = "Friends.Infrastructure", "src\Friends.Infrastructure\Friends.Infrastructure.csproj", "{1E34D427-23C6-4C9F-A846-5BCE80724CF3}"
EndProject
Project("{FAE04EC0-301F-11D3-BF4B-00C04F79EFBC}") = "Profile.Api.Service", "src\Profile.Api.Service\Profile.Api.Service.csproj", "{A01BF2F9-7B48-4D51-B89C-331D970703C1}"
EndProject
Project("{FAE04EC0-301F-11D3-BF4B-00C04F79EFBC}") = "Profile.Worker.Service", "src\Profile.Worker.Service\Profile.Worker.Service.csproj", "{BADE2C6B-5A12-4BA4-B22F-EAF0FF667CCB}"
EndProject
Project("{2150E333-8FDC-42A3-9474-1A3956D46DE8}") = "Profile", "Profile", "{15629C08-3008-4D53-894F-023FB47DE7ED}"
EndProject
Project("{2150E333-8FDC-42A3-9474-1A3956D46DE8}") = "Domain", "Domain", "{85E4CF4E-97F9-43EA-88B2-6ACAF93B84B7}"
EndProject
Project("{2150E333-8FDC-42A3-9474-1A3956D46DE8}") = "Contracts", "Contracts", "{3938D9C3-FBA3-454D-B814-175423ABDE6E}"
EndProject
Project("{2150E333-8FDC-42A3-9474-1A3956D46DE8}") = "Tests", "Tests", "{FB387B44-1754-43F2-97AD-0A26842F9317}"
EndProject
Project("{FAE04EC0-301F-11D3-BF4B-00C04F79EFBC}") = "Profile.Domain", "src\Profile.Domain\Profile.Domain.csproj", "{E781F298-FC51-4D0F-AB58-0F882B127CD2}"
EndProject
Project("{FAE04EC0-301F-11D3-BF4B-00C04F79EFBC}") = "Profile.Infrastructure", "src\Profile.Infrastructure\Profile.Infrastructure.csproj", "{E5954E54-ED3F-4935-8E5C-59C95FE9AC2F}"
EndProject
Project("{FAE04EC0-301F-11D3-BF4B-00C04F79EFBC}") = "Profile.Messages.External", "src\Profile.Messages.External\Profile.Messages.External.csproj", "{4175F528-0115-4B03-8182-427BBF21C96A}"
EndProject
Global
	GlobalSection(SolutionConfigurationPlatforms) = preSolution
		Debug|Any CPU = Debug|Any CPU
		Debug|x64 = Debug|x64
		Release|Any CPU = Release|Any CPU
		Release|x64 = Release|x64
	EndGlobalSection
	GlobalSection(ProjectConfigurationPlatforms) = postSolution
		{1903210D-A22A-415B-92C5-08149F9C690F}.Debug|Any CPU.ActiveCfg = Debug|x64
		{1903210D-A22A-415B-92C5-08149F9C690F}.Debug|x64.ActiveCfg = Debug|x64
		{1903210D-A22A-415B-92C5-08149F9C690F}.Debug|x64.Build.0 = Debug|x64
		{1903210D-A22A-415B-92C5-08149F9C690F}.Debug|x64.Deploy.0 = Debug|x64
		{1903210D-A22A-415B-92C5-08149F9C690F}.Release|Any CPU.ActiveCfg = Release|x64
		{1903210D-A22A-415B-92C5-08149F9C690F}.Release|x64.ActiveCfg = Release|x64
		{1903210D-A22A-415B-92C5-08149F9C690F}.Release|x64.Build.0 = Release|x64
		{1903210D-A22A-415B-92C5-08149F9C690F}.Release|x64.Deploy.0 = Release|x64
		{D49A96EF-1706-45FD-B81D-C9B3E4E19B71}.Debug|Any CPU.ActiveCfg = Debug|Any CPU
		{D49A96EF-1706-45FD-B81D-C9B3E4E19B71}.Debug|Any CPU.Build.0 = Debug|Any CPU
		{D49A96EF-1706-45FD-B81D-C9B3E4E19B71}.Debug|x64.ActiveCfg = Debug|Any CPU
		{D49A96EF-1706-45FD-B81D-C9B3E4E19B71}.Debug|x64.Build.0 = Debug|Any CPU
		{D49A96EF-1706-45FD-B81D-C9B3E4E19B71}.Release|Any CPU.ActiveCfg = Release|Any CPU
		{D49A96EF-1706-45FD-B81D-C9B3E4E19B71}.Release|Any CPU.Build.0 = Release|Any CPU
		{D49A96EF-1706-45FD-B81D-C9B3E4E19B71}.Release|x64.ActiveCfg = Release|Any CPU
		{D49A96EF-1706-45FD-B81D-C9B3E4E19B71}.Release|x64.Build.0 = Release|Any CPU
		{9BF66529-478E-48BD-B79F-1681A9047225}.Debug|Any CPU.ActiveCfg = Debug|Any CPU
		{9BF66529-478E-48BD-B79F-1681A9047225}.Debug|Any CPU.Build.0 = Debug|Any CPU
		{9BF66529-478E-48BD-B79F-1681A9047225}.Debug|x64.ActiveCfg = Debug|Any CPU
		{9BF66529-478E-48BD-B79F-1681A9047225}.Debug|x64.Build.0 = Debug|Any CPU
		{9BF66529-478E-48BD-B79F-1681A9047225}.Release|Any CPU.ActiveCfg = Release|Any CPU
		{9BF66529-478E-48BD-B79F-1681A9047225}.Release|Any CPU.Build.0 = Release|Any CPU
		{9BF66529-478E-48BD-B79F-1681A9047225}.Release|x64.ActiveCfg = Release|Any CPU
		{9BF66529-478E-48BD-B79F-1681A9047225}.Release|x64.Build.0 = Release|Any CPU
		{30DE0857-7086-45F9-9106-68702DE21E91}.Debug|Any CPU.ActiveCfg = Debug|Any CPU
		{30DE0857-7086-45F9-9106-68702DE21E91}.Debug|Any CPU.Build.0 = Debug|Any CPU
		{30DE0857-7086-45F9-9106-68702DE21E91}.Debug|x64.ActiveCfg = Debug|Any CPU
		{30DE0857-7086-45F9-9106-68702DE21E91}.Debug|x64.Build.0 = Debug|Any CPU
		{30DE0857-7086-45F9-9106-68702DE21E91}.Release|Any CPU.ActiveCfg = Release|Any CPU
		{30DE0857-7086-45F9-9106-68702DE21E91}.Release|Any CPU.Build.0 = Release|Any CPU
		{30DE0857-7086-45F9-9106-68702DE21E91}.Release|x64.ActiveCfg = Release|Any CPU
		{30DE0857-7086-45F9-9106-68702DE21E91}.Release|x64.Build.0 = Release|Any CPU
		{D9344BBC-2768-45CB-9293-62BE5D6B8EEE}.Debug|Any CPU.ActiveCfg = Debug|Any CPU
		{D9344BBC-2768-45CB-9293-62BE5D6B8EEE}.Debug|Any CPU.Build.0 = Debug|Any CPU
		{D9344BBC-2768-45CB-9293-62BE5D6B8EEE}.Debug|x64.ActiveCfg = Debug|Any CPU
		{D9344BBC-2768-45CB-9293-62BE5D6B8EEE}.Debug|x64.Build.0 = Debug|Any CPU
		{D9344BBC-2768-45CB-9293-62BE5D6B8EEE}.Release|Any CPU.ActiveCfg = Release|Any CPU
		{D9344BBC-2768-45CB-9293-62BE5D6B8EEE}.Release|Any CPU.Build.0 = Release|Any CPU
		{D9344BBC-2768-45CB-9293-62BE5D6B8EEE}.Release|x64.ActiveCfg = Release|Any CPU
		{D9344BBC-2768-45CB-9293-62BE5D6B8EEE}.Release|x64.Build.0 = Release|Any CPU
		{E47790C7-2049-4500-A6A2-C2934574E5C6}.Debug|Any CPU.ActiveCfg = Debug|Any CPU
		{E47790C7-2049-4500-A6A2-C2934574E5C6}.Debug|Any CPU.Build.0 = Debug|Any CPU
		{E47790C7-2049-4500-A6A2-C2934574E5C6}.Debug|x64.ActiveCfg = Debug|Any CPU
		{E47790C7-2049-4500-A6A2-C2934574E5C6}.Debug|x64.Build.0 = Debug|Any CPU
		{E47790C7-2049-4500-A6A2-C2934574E5C6}.Release|Any CPU.ActiveCfg = Release|Any CPU
		{E47790C7-2049-4500-A6A2-C2934574E5C6}.Release|Any CPU.Build.0 = Release|Any CPU
		{E47790C7-2049-4500-A6A2-C2934574E5C6}.Release|x64.ActiveCfg = Release|Any CPU
		{E47790C7-2049-4500-A6A2-C2934574E5C6}.Release|x64.Build.0 = Release|Any CPU
		{64D4980E-7B5C-43A3-9A9A-AE25CA29C7D6}.Debug|Any CPU.ActiveCfg = Debug|Any CPU
		{64D4980E-7B5C-43A3-9A9A-AE25CA29C7D6}.Debug|Any CPU.Build.0 = Debug|Any CPU
		{64D4980E-7B5C-43A3-9A9A-AE25CA29C7D6}.Debug|x64.ActiveCfg = Debug|Any CPU
		{64D4980E-7B5C-43A3-9A9A-AE25CA29C7D6}.Debug|x64.Build.0 = Debug|Any CPU
		{64D4980E-7B5C-43A3-9A9A-AE25CA29C7D6}.Release|Any CPU.ActiveCfg = Release|Any CPU
		{64D4980E-7B5C-43A3-9A9A-AE25CA29C7D6}.Release|Any CPU.Build.0 = Release|Any CPU
		{64D4980E-7B5C-43A3-9A9A-AE25CA29C7D6}.Release|x64.ActiveCfg = Release|Any CPU
		{64D4980E-7B5C-43A3-9A9A-AE25CA29C7D6}.Release|x64.Build.0 = Release|Any CPU
		{BB9EC256-9CBF-4B1D-BF51-0F110200AE31}.Debug|Any CPU.ActiveCfg = Debug|Any CPU
		{BB9EC256-9CBF-4B1D-BF51-0F110200AE31}.Debug|Any CPU.Build.0 = Debug|Any CPU
		{BB9EC256-9CBF-4B1D-BF51-0F110200AE31}.Debug|x64.ActiveCfg = Debug|Any CPU
		{BB9EC256-9CBF-4B1D-BF51-0F110200AE31}.Debug|x64.Build.0 = Debug|Any CPU
		{BB9EC256-9CBF-4B1D-BF51-0F110200AE31}.Release|Any CPU.ActiveCfg = Release|Any CPU
		{BB9EC256-9CBF-4B1D-BF51-0F110200AE31}.Release|Any CPU.Build.0 = Release|Any CPU
		{BB9EC256-9CBF-4B1D-BF51-0F110200AE31}.Release|x64.ActiveCfg = Release|Any CPU
		{BB9EC256-9CBF-4B1D-BF51-0F110200AE31}.Release|x64.Build.0 = Release|Any CPU
		{67E40972-38A9-42DF-901D-D5A40355B329}.Debug|Any CPU.ActiveCfg = Debug|Any CPU
		{67E40972-38A9-42DF-901D-D5A40355B329}.Debug|Any CPU.Build.0 = Debug|Any CPU
		{67E40972-38A9-42DF-901D-D5A40355B329}.Debug|x64.ActiveCfg = Debug|Any CPU
		{67E40972-38A9-42DF-901D-D5A40355B329}.Debug|x64.Build.0 = Debug|Any CPU
		{67E40972-38A9-42DF-901D-D5A40355B329}.Release|Any CPU.ActiveCfg = Release|Any CPU
		{67E40972-38A9-42DF-901D-D5A40355B329}.Release|Any CPU.Build.0 = Release|Any CPU
		{67E40972-38A9-42DF-901D-D5A40355B329}.Release|x64.ActiveCfg = Release|Any CPU
		{67E40972-38A9-42DF-901D-D5A40355B329}.Release|x64.Build.0 = Release|Any CPU
		{42BDB4E0-CF15-47C3-B20F-665DA0162357}.Debug|Any CPU.ActiveCfg = Debug|Any CPU
		{42BDB4E0-CF15-47C3-B20F-665DA0162357}.Debug|Any CPU.Build.0 = Debug|Any CPU
		{42BDB4E0-CF15-47C3-B20F-665DA0162357}.Debug|x64.ActiveCfg = Debug|Any CPU
		{42BDB4E0-CF15-47C3-B20F-665DA0162357}.Debug|x64.Build.0 = Debug|Any CPU
		{42BDB4E0-CF15-47C3-B20F-665DA0162357}.Release|Any CPU.ActiveCfg = Release|Any CPU
		{42BDB4E0-CF15-47C3-B20F-665DA0162357}.Release|Any CPU.Build.0 = Release|Any CPU
		{42BDB4E0-CF15-47C3-B20F-665DA0162357}.Release|x64.ActiveCfg = Release|Any CPU
		{42BDB4E0-CF15-47C3-B20F-665DA0162357}.Release|x64.Build.0 = Release|Any CPU
		{1E34D427-23C6-4C9F-A846-5BCE80724CF3}.Debug|Any CPU.ActiveCfg = Debug|Any CPU
		{1E34D427-23C6-4C9F-A846-5BCE80724CF3}.Debug|Any CPU.Build.0 = Debug|Any CPU
		{1E34D427-23C6-4C9F-A846-5BCE80724CF3}.Debug|x64.ActiveCfg = Debug|Any CPU
		{1E34D427-23C6-4C9F-A846-5BCE80724CF3}.Debug|x64.Build.0 = Debug|Any CPU
		{1E34D427-23C6-4C9F-A846-5BCE80724CF3}.Release|Any CPU.ActiveCfg = Release|Any CPU
		{1E34D427-23C6-4C9F-A846-5BCE80724CF3}.Release|Any CPU.Build.0 = Release|Any CPU
		{1E34D427-23C6-4C9F-A846-5BCE80724CF3}.Release|x64.ActiveCfg = Release|Any CPU
		{1E34D427-23C6-4C9F-A846-5BCE80724CF3}.Release|x64.Build.0 = Release|Any CPU
		{A01BF2F9-7B48-4D51-B89C-331D970703C1}.Debug|Any CPU.ActiveCfg = Debug|Any CPU
		{A01BF2F9-7B48-4D51-B89C-331D970703C1}.Debug|Any CPU.Build.0 = Debug|Any CPU
		{A01BF2F9-7B48-4D51-B89C-331D970703C1}.Debug|x64.ActiveCfg = Debug|Any CPU
		{A01BF2F9-7B48-4D51-B89C-331D970703C1}.Debug|x64.Build.0 = Debug|Any CPU
		{A01BF2F9-7B48-4D51-B89C-331D970703C1}.Release|Any CPU.ActiveCfg = Release|Any CPU
		{A01BF2F9-7B48-4D51-B89C-331D970703C1}.Release|Any CPU.Build.0 = Release|Any CPU
		{A01BF2F9-7B48-4D51-B89C-331D970703C1}.Release|x64.ActiveCfg = Release|Any CPU
		{A01BF2F9-7B48-4D51-B89C-331D970703C1}.Release|x64.Build.0 = Release|Any CPU
		{BADE2C6B-5A12-4BA4-B22F-EAF0FF667CCB}.Debug|Any CPU.ActiveCfg = Debug|Any CPU
		{BADE2C6B-5A12-4BA4-B22F-EAF0FF667CCB}.Debug|Any CPU.Build.0 = Debug|Any CPU
		{BADE2C6B-5A12-4BA4-B22F-EAF0FF667CCB}.Debug|x64.ActiveCfg = Debug|Any CPU
		{BADE2C6B-5A12-4BA4-B22F-EAF0FF667CCB}.Debug|x64.Build.0 = Debug|Any CPU
		{BADE2C6B-5A12-4BA4-B22F-EAF0FF667CCB}.Release|Any CPU.ActiveCfg = Release|Any CPU
		{BADE2C6B-5A12-4BA4-B22F-EAF0FF667CCB}.Release|Any CPU.Build.0 = Release|Any CPU
		{BADE2C6B-5A12-4BA4-B22F-EAF0FF667CCB}.Release|x64.ActiveCfg = Release|Any CPU
		{BADE2C6B-5A12-4BA4-B22F-EAF0FF667CCB}.Release|x64.Build.0 = Release|Any CPU
		{E781F298-FC51-4D0F-AB58-0F882B127CD2}.Debug|Any CPU.ActiveCfg = Debug|Any CPU
		{E781F298-FC51-4D0F-AB58-0F882B127CD2}.Debug|Any CPU.Build.0 = Debug|Any CPU
		{E781F298-FC51-4D0F-AB58-0F882B127CD2}.Debug|x64.ActiveCfg = Debug|Any CPU
		{E781F298-FC51-4D0F-AB58-0F882B127CD2}.Debug|x64.Build.0 = Debug|Any CPU
		{E781F298-FC51-4D0F-AB58-0F882B127CD2}.Release|Any CPU.ActiveCfg = Release|Any CPU
		{E781F298-FC51-4D0F-AB58-0F882B127CD2}.Release|Any CPU.Build.0 = Release|Any CPU
		{E781F298-FC51-4D0F-AB58-0F882B127CD2}.Release|x64.ActiveCfg = Release|Any CPU
		{E781F298-FC51-4D0F-AB58-0F882B127CD2}.Release|x64.Build.0 = Release|Any CPU
		{E5954E54-ED3F-4935-8E5C-59C95FE9AC2F}.Debug|Any CPU.ActiveCfg = Debug|Any CPU
		{E5954E54-ED3F-4935-8E5C-59C95FE9AC2F}.Debug|Any CPU.Build.0 = Debug|Any CPU
		{E5954E54-ED3F-4935-8E5C-59C95FE9AC2F}.Debug|x64.ActiveCfg = Debug|Any CPU
		{E5954E54-ED3F-4935-8E5C-59C95FE9AC2F}.Debug|x64.Build.0 = Debug|Any CPU
		{E5954E54-ED3F-4935-8E5C-59C95FE9AC2F}.Release|Any CPU.ActiveCfg = Release|Any CPU
		{E5954E54-ED3F-4935-8E5C-59C95FE9AC2F}.Release|Any CPU.Build.0 = Release|Any CPU
		{E5954E54-ED3F-4935-8E5C-59C95FE9AC2F}.Release|x64.ActiveCfg = Release|Any CPU
		{E5954E54-ED3F-4935-8E5C-59C95FE9AC2F}.Release|x64.Build.0 = Release|Any CPU
		{4175F528-0115-4B03-8182-427BBF21C96A}.Debug|Any CPU.ActiveCfg = Debug|Any CPU
		{4175F528-0115-4B03-8182-427BBF21C96A}.Debug|Any CPU.Build.0 = Debug|Any CPU
		{4175F528-0115-4B03-8182-427BBF21C96A}.Debug|x64.ActiveCfg = Debug|Any CPU
		{4175F528-0115-4B03-8182-427BBF21C96A}.Debug|x64.Build.0 = Debug|Any CPU
		{4175F528-0115-4B03-8182-427BBF21C96A}.Release|Any CPU.ActiveCfg = Release|Any CPU
		{4175F528-0115-4B03-8182-427BBF21C96A}.Release|Any CPU.Build.0 = Release|Any CPU
		{4175F528-0115-4B03-8182-427BBF21C96A}.Release|x64.ActiveCfg = Release|Any CPU
		{4175F528-0115-4B03-8182-427BBF21C96A}.Release|x64.Build.0 = Release|Any CPU
	EndGlobalSection
	GlobalSection(SolutionProperties) = preSolution
		HideSolutionNode = FALSE
	EndGlobalSection
	GlobalSection(NestedProjects) = preSolution
		{D49A96EF-1706-45FD-B81D-C9B3E4E19B71} = {88567C82-01DA-4A61-BDD9-350571BF700F}
		{9BF66529-478E-48BD-B79F-1681A9047225} = {88567C82-01DA-4A61-BDD9-350571BF700F}
		{0619A80B-5559-456F-9237-0306215D2D58} = {88567C82-01DA-4A61-BDD9-350571BF700F}
		{FE0753A4-69E9-4D19-9837-9C495BB757F3} = {88567C82-01DA-4A61-BDD9-350571BF700F}
		{2C9286F8-801A-4385-ABA1-C6518FAAD473} = {88567C82-01DA-4A61-BDD9-350571BF700F}
		{30DE0857-7086-45F9-9106-68702DE21E91} = {0619A80B-5559-456F-9237-0306215D2D58}
		{D9344BBC-2768-45CB-9293-62BE5D6B8EEE} = {0619A80B-5559-456F-9237-0306215D2D58}
		{E47790C7-2049-4500-A6A2-C2934574E5C6} = {2C9286F8-801A-4385-ABA1-C6518FAAD473}
		{64D4980E-7B5C-43A3-9A9A-AE25CA29C7D6} = {2C9286F8-801A-4385-ABA1-C6518FAAD473}
		{BB9EC256-9CBF-4B1D-BF51-0F110200AE31} = {7E7C17BA-BB3B-40BC-9B1A-DC752A16C610}
		{67E40972-38A9-42DF-901D-D5A40355B329} = {7E7C17BA-BB3B-40BC-9B1A-DC752A16C610}
		{E50CAF5D-CFFB-41E8-8D4C-B7C0562FD19E} = {7E7C17BA-BB3B-40BC-9B1A-DC752A16C610}
		{787A8F11-DB83-4B25-95A0-6E6E5755931F} = {7E7C17BA-BB3B-40BC-9B1A-DC752A16C610}
		{B4C7F9CD-1830-446E-8B9C-8A57050D7A78} = {7E7C17BA-BB3B-40BC-9B1A-DC752A16C610}
		{42BDB4E0-CF15-47C3-B20F-665DA0162357} = {E50CAF5D-CFFB-41E8-8D4C-B7C0562FD19E}
		{1E34D427-23C6-4C9F-A846-5BCE80724CF3} = {E50CAF5D-CFFB-41E8-8D4C-B7C0562FD19E}
		{A01BF2F9-7B48-4D51-B89C-331D970703C1} = {15629C08-3008-4D53-894F-023FB47DE7ED}
		{BADE2C6B-5A12-4BA4-B22F-EAF0FF667CCB} = {15629C08-3008-4D53-894F-023FB47DE7ED}
		{85E4CF4E-97F9-43EA-88B2-6ACAF93B84B7} = {15629C08-3008-4D53-894F-023FB47DE7ED}
		{3938D9C3-FBA3-454D-B814-175423ABDE6E} = {15629C08-3008-4D53-894F-023FB47DE7ED}
		{FB387B44-1754-43F2-97AD-0A26842F9317} = {15629C08-3008-4D53-894F-023FB47DE7ED}
		{E781F298-FC51-4D0F-AB58-0F882B127CD2} = {85E4CF4E-97F9-43EA-88B2-6ACAF93B84B7}
		{E5954E54-ED3F-4935-8E5C-59C95FE9AC2F} = {85E4CF4E-97F9-43EA-88B2-6ACAF93B84B7}
		{4175F528-0115-4B03-8182-427BBF21C96A} = {3938D9C3-FBA3-454D-B814-175423ABDE6E}
	EndGlobalSection
	GlobalSection(ExtensibilityGlobals) = postSolution
		SolutionGuid = {5A741C55-B143-44DC-96A9-8E2285388D61}
	EndGlobalSection
EndGlobal
